
Microsoft Visual Studio Solution File, Format Version 12.00
# Visual Studio Version 17
VisualStudioVersion = 17.10.35013.160
MinimumVisualStudioVersion = 10.0.40219.1
Project("{FAE04EC0-301F-11D3-BF4B-00C04F79EFBC}") = "IceCreamStore", "IceCreamStore\IceCreamStore.csproj", "{D3C0B3F6-3236-4497-A340-4D767FDF9BF4}"
EndProject
Project("{FAE04EC0-301F-11D3-BF4B-00C04F79EFBC}") = "Entities", "Entities\Entities.csproj", "{2B6989ED-3875-4ED2-AAE6-DAFBB72E656F}"
EndProject
Project("{FAE04EC0-301F-11D3-BF4B-00C04F79EFBC}") = "repositories", "repositories\repositories.csproj", "{870FCEC3-D179-4361-B19A-506D406CD0FE}"
EndProject
Project("{FAE04EC0-301F-11D3-BF4B-00C04F79EFBC}") = "Services", "Services\Services.csproj", "{910BBCAF-B3F0-4E49-B83A-437AF17F91B1}"
EndProject
Global
	GlobalSection(SolutionConfigurationPlatforms) = preSolution
		Debug|Any CPU = Debug|Any CPU
		Release|Any CPU = Release|Any CPU
	EndGlobalSection
	GlobalSection(ProjectConfigurationPlatforms) = postSolution
		{D3C0B3F6-3236-4497-A340-4D767FDF9BF4}.Debug|Any CPU.ActiveCfg = Debug|Any CPU
		{D3C0B3F6-3236-4497-A340-4D767FDF9BF4}.Debug|Any CPU.Build.0 = Debug|Any CPU
		{D3C0B3F6-3236-4497-A340-4D767FDF9BF4}.Release|Any CPU.ActiveCfg = Release|Any CPU
		{D3C0B3F6-3236-4497-A340-4D767FDF9BF4}.Release|Any CPU.Build.0 = Release|Any CPU
		{2B6989ED-3875-4ED2-AAE6-DAFBB72E656F}.Debug|Any CPU.ActiveCfg = Debug|Any CPU
		{2B6989ED-3875-4ED2-AAE6-DAFBB72E656F}.Debug|Any CPU.Build.0 = Debug|Any CPU
		{2B6989ED-3875-4ED2-AAE6-DAFBB72E656F}.Release|Any CPU.ActiveCfg = Release|Any CPU
		{2B6989ED-3875-4ED2-AAE6-DAFBB72E656F}.Release|Any CPU.Build.0 = Release|Any CPU
		{870FCEC3-D179-4361-B19A-506D406CD0FE}.Debug|Any CPU.ActiveCfg = Debug|Any CPU
		{870FCEC3-D179-4361-B19A-506D406CD0FE}.Debug|Any CPU.Build.0 = Debug|Any CPU
		{870FCEC3-D179-4361-B19A-506D406CD0FE}.Release|Any CPU.ActiveCfg = Release|Any CPU
		{870FCEC3-D179-4361-B19A-506D406CD0FE}.Release|Any CPU.Build.0 = Release|Any CPU
		{910BBCAF-B3F0-4E49-B83A-437AF17F91B1}.Debug|Any CPU.ActiveCfg = Debug|Any CPU
		{910BBCAF-B3F0-4E49-B83A-437AF17F91B1}.Debug|Any CPU.Build.0 = Debug|Any CPU
		{910BBCAF-B3F0-4E49-B83A-437AF17F91B1}.Release|Any CPU.ActiveCfg = Release|Any CPU
		{910BBCAF-B3F0-4E49-B83A-437AF17F91B1}.Release|Any CPU.Build.0 = Release|Any CPU
	EndGlobalSection
	GlobalSection(SolutionProperties) = preSolution
		HideSolutionNode = FALSE
	EndGlobalSection
	GlobalSection(ExtensibilityGlobals) = postSolution
		SolutionGuid = {53B7FD76-1BA2-4830-A0BB-FA3939794D9B}
	EndGlobalSection
EndGlobal
